sdk: ^2.0.0-alpha.170
prefixes:
  aht20: aht20-driver
  bmp280: bmp280-driver
  certificate-roots: toit-cert-roots
  cs5529: cs5529-driver
  http: pkg-http
  mqtt: mqtt
  ntp: pkg-ntp
  watchdog: toit-watchdog
packages:
  aht20-driver:
    url: github.com/davidlao2k/aht20-driver
    name: aht20
    version: 1.0.0
    hash: 5a1b93b3183b0520f4b30522e0c489a0589f7897
  bmp280-driver:
    url: github.com/harshkc03/bmp280-driver
    name: bmp280
    version: 1.0.0
    hash: 17824b46f0fd5b9355e616de4bb5603dd6e9f6eb
  cs5529-driver:
    url: github.com/brueningf/cs5529-driver
    name: cs5529
    version: 0.1.0
    hash: 024f8579cf62b200157c8fc4a20ad994945316b1
  mqtt:
    url: github.com/toitware/mqtt
    name: mqtt
    version: 2.13.1
    hash: ac50d868a578c45003956da66075be5158a78c7a
  pkg-http:
    url: github.com/toitlang/pkg-http
    name: http
    version: 2.9.0
    hash: ed6e198259c578154de830dc492821fdb5a40c7a
  pkg-ntp:
    url: github.com/toitlang/pkg-ntp
    name: ntp
    version: 1.1.0
    hash: e69bb1abc0d3d4aa7642eec3360e52744e4d011d
  toit-cert-roots:
    url: github.com/toitware/toit-cert-roots
    name: certificate-roots
    version: 1.11.0
    hash: c117dbba4757d7c69e91af7a875ab6989f051a33
  toit-watchdog:
    url: github.com/toitware/toit-watchdog
    name: watchdog
    version: 1.4.1
    hash: 2621b25fca45f4f91c0b951f3658f3c18821edc4
